
Microsoft Visual Studio Solution File, Format Version 12.00
# Visual Studio Version 17
VisualStudioVersion = 17.10.35013.160
MinimumVisualStudioVersion = 10.0.40219.1
Project("{FAE04EC0-301F-11D3-BF4B-00C04F79EFBC}") = "asp_servicios", "asp_servicios\asp_servicios.csproj", "{88F5220D-925B-49E2-A5C3-5C1857C3909C}"
EndProject
Global
	GlobalSection(SolutionConfigurationPlatforms) = preSolution
		Debug|Any CPU = Debug|Any CPU
		Release|Any CPU = Release|Any CPU
	EndGlobalSection
	GlobalSection(ProjectConfigurationPlatforms) = postSolution
		{88F5220D-925B-49E2-A5C3-5C1857C3909C}.Debug|Any CPU.ActiveCfg = Debug|Any CPU
		{88F5220D-925B-49E2-A5C3-5C1857C3909C}.Debug|Any CPU.Build.0 = Debug|Any CPU
		{88F5220D-925B-49E2-A5C3-5C1857C3909C}.Release|Any CPU.ActiveCfg = Release|Any CPU
		{88F5220D-925B-49E2-A5C3-5C1857C3909C}.Release|Any CPU.Build.0 = Release|Any CPU
	EndGlobalSection
	GlobalSection(SolutionProperties) = preSolution
		HideSolutionNode = FALSE
	EndGlobalSection
	GlobalSection(ExtensibilityGlobals) = postSolution
		SolutionGuid = {437F66E4-DC7E-47E3-994C-FF70BF6BD0C8}
	EndGlobalSection
EndGlobal
